
Microsoft Visual Studio Solution File, Format Version 12.00
# Visual Studio Version 16
VisualStudioVersion = 16.0.28803.202
MinimumVisualStudioVersion = 10.0.40219.1
Project("{9A19103F-16F7-4668-BE54-9A1E7A4F7556}") = "MarketEngine.Web", "MarketEngine.Web\MarketEngine.Web.csproj", "{60EE7EA9-E232-4DD8-A1A4-93E1E385A8C4}"
EndProject
Project("{2150E333-8FDC-42A3-9474-1A3956D46DE8}") = "01 - Application", "01 - Application", "{C2832070-306B-4E19-BD8A-449C461F5B88}"
EndProject
Project("{2150E333-8FDC-42A3-9474-1A3956D46DE8}") = "02 - Domain", "02 - Domain", "{8FA18635-D43F-485C-BC96-643FB1F07722}"
EndProject
Project("{9A19103F-16F7-4668-BE54-9A1E7A4F7556}") = "MarketEngine.Domain", "MarketEngine.Domain\MarketEngine.Domain.csproj", "{AAC02C92-F78E-4776-8E9D-FFA83481B5A2}"
EndProject
Project("{2150E333-8FDC-42A3-9474-1A3956D46DE8}") = "03 - Infra", "03 - Infra", "{10C0B36A-3DF1-4600-BA7D-2C1B168FDB5C}"
EndProject
Project("{2150E333-8FDC-42A3-9474-1A3956D46DE8}") = "04 - Tests", "04 - Tests", "{6B767D5E-705B-4B12-A946-019288C510C2}"
EndProject
Project("{9A19103F-16F7-4668-BE54-9A1E7A4F7556}") = "MarketEngine.Data", "MarketEngine.Data\MarketEngine.Data.csproj", "{7D261FAF-70CA-4601-9AC3-FD8705D4ACCE}"
EndProject
Project("{9A19103F-16F7-4668-BE54-9A1E7A4F7556}") = "MarketEngine.Tests", "MarketEngine.Tests\MarketEngine.Tests.csproj", "{0EF704B2-74CE-47FD-8DA1-D56D202D758D}"
EndProject
Project("{FAE04EC0-301F-11D3-BF4B-00C04F79EFBC}") = "MarketEngine.Infra", "MarketEngine.Infra\MarketEngine.Infra.csproj", "{3C711CA1-698C-4445-84E4-93912A32BE92}"
EndProject
Project("{FAE04EC0-301F-11D3-BF4B-00C04F79EFBC}") = "MarketEngine.StateMachine", "MarketEngine.StateMachine\MarketEngine.StateMachine.csproj", "{5C4FE9CF-092A-42BE-A0E9-913254541A00}"
EndProject
Project("{FAE04EC0-301F-11D3-BF4B-00C04F79EFBC}") = "MarketEngine.Model", "MarketEngine.Model\MarketEngine.Model.csproj", "{5CD34C3F-5666-46A2-8C46-72C5E208957C}"
EndProject
Global
	GlobalSection(SolutionConfigurationPlatforms) = preSolution
		Debug|Any CPU = Debug|Any CPU
		Release|Any CPU = Release|Any CPU
	EndGlobalSection
	GlobalSection(ProjectConfigurationPlatforms) = postSolution
		{60EE7EA9-E232-4DD8-A1A4-93E1E385A8C4}.Debug|Any CPU.ActiveCfg = Debug|Any CPU
		{60EE7EA9-E232-4DD8-A1A4-93E1E385A8C4}.Debug|Any CPU.Build.0 = Debug|Any CPU
		{60EE7EA9-E232-4DD8-A1A4-93E1E385A8C4}.Release|Any CPU.ActiveCfg = Release|Any CPU
		{60EE7EA9-E232-4DD8-A1A4-93E1E385A8C4}.Release|Any CPU.Build.0 = Release|Any CPU
		{AAC02C92-F78E-4776-8E9D-FFA83481B5A2}.Debug|Any CPU.ActiveCfg = Debug|Any CPU
		{AAC02C92-F78E-4776-8E9D-FFA83481B5A2}.Debug|Any CPU.Build.0 = Debug|Any CPU
		{AAC02C92-F78E-4776-8E9D-FFA83481B5A2}.Release|Any CPU.ActiveCfg = Release|Any CPU
		{AAC02C92-F78E-4776-8E9D-FFA83481B5A2}.Release|Any CPU.Build.0 = Release|Any CPU
		{7D261FAF-70CA-4601-9AC3-FD8705D4ACCE}.Debug|Any CPU.ActiveCfg = Debug|Any CPU
		{7D261FAF-70CA-4601-9AC3-FD8705D4ACCE}.Debug|Any CPU.Build.0 = Debug|Any CPU
		{7D261FAF-70CA-4601-9AC3-FD8705D4ACCE}.Release|Any CPU.ActiveCfg = Release|Any CPU
		{7D261FAF-70CA-4601-9AC3-FD8705D4ACCE}.Release|Any CPU.Build.0 = Release|Any CPU
		{0EF704B2-74CE-47FD-8DA1-D56D202D758D}.Debug|Any CPU.ActiveCfg = Debug|Any CPU
		{0EF704B2-74CE-47FD-8DA1-D56D202D758D}.Debug|Any CPU.Build.0 = Debug|Any CPU
		{0EF704B2-74CE-47FD-8DA1-D56D202D758D}.Release|Any CPU.ActiveCfg = Release|Any CPU
		{0EF704B2-74CE-47FD-8DA1-D56D202D758D}.Release|Any CPU.Build.0 = Release|Any CPU
		{3C711CA1-698C-4445-84E4-93912A32BE92}.Debug|Any CPU.ActiveCfg = Debug|Any CPU
		{3C711CA1-698C-4445-84E4-93912A32BE92}.Debug|Any CPU.Build.0 = Debug|Any CPU
		{3C711CA1-698C-4445-84E4-93912A32BE92}.Release|Any CPU.ActiveCfg = Release|Any CPU
		{3C711CA1-698C-4445-84E4-93912A32BE92}.Release|Any CPU.Build.0 = Release|Any CPU
		{5C4FE9CF-092A-42BE-A0E9-913254541A00}.Debug|Any CPU.ActiveCfg = Debug|Any CPU
		{5C4FE9CF-092A-42BE-A0E9-913254541A00}.Debug|Any CPU.Build.0 = Debug|Any CPU
		{5C4FE9CF-092A-42BE-A0E9-913254541A00}.Release|Any CPU.ActiveCfg = Release|Any CPU
		{5C4FE9CF-092A-42BE-A0E9-913254541A00}.Release|Any CPU.Build.0 = Release|Any CPU
		{5CD34C3F-5666-46A2-8C46-72C5E208957C}.Debug|Any CPU.ActiveCfg = Debug|Any CPU
		{5CD34C3F-5666-46A2-8C46-72C5E208957C}.Debug|Any CPU.Build.0 = Debug|Any CPU
		{5CD34C3F-5666-46A2-8C46-72C5E208957C}.Release|Any CPU.ActiveCfg = Release|Any CPU
		{5CD34C3F-5666-46A2-8C46-72C5E208957C}.Release|Any CPU.Build.0 = Release|Any CPU
	EndGlobalSection
	GlobalSection(SolutionProperties) = preSolution
		HideSolutionNode = FALSE
	EndGlobalSection
	GlobalSection(NestedProjects) = preSolution
		{60EE7EA9-E232-4DD8-A1A4-93E1E385A8C4} = {C2832070-306B-4E19-BD8A-449C461F5B88}
		{AAC02C92-F78E-4776-8E9D-FFA83481B5A2} = {8FA18635-D43F-485C-BC96-643FB1F07722}
		{7D261FAF-70CA-4601-9AC3-FD8705D4ACCE} = {10C0B36A-3DF1-4600-BA7D-2C1B168FDB5C}
		{0EF704B2-74CE-47FD-8DA1-D56D202D758D} = {6B767D5E-705B-4B12-A946-019288C510C2}
		{3C711CA1-698C-4445-84E4-93912A32BE92} = {10C0B36A-3DF1-4600-BA7D-2C1B168FDB5C}
		{5C4FE9CF-092A-42BE-A0E9-913254541A00} = {8FA18635-D43F-485C-BC96-643FB1F07722}
		{5CD34C3F-5666-46A2-8C46-72C5E208957C} = {8FA18635-D43F-485C-BC96-643FB1F07722}
	EndGlobalSection
	GlobalSection(ExtensibilityGlobals) = postSolution
		SolutionGuid = {C1C2A23A-B4DF-4757-A3CF-782B6D71DB69}
	EndGlobalSection
EndGlobal
